Microsoft Visual Studio Solution File, Format Version 12.00
# Visual Studio Version 17
VisualStudioVersion = 17.5.2.0
MinimumVisualStudioVersion = 10.0.40219.1
Project("{2150E333-8FDC-42A3-9474-1A3956D46DE8}") = "codigo_fonte", "codigo_fonte", "{14AD91F0-E22F-EB29-7EA6-C2C23DCF5A18}"
EndProject
Project("{FAE04EC0-301F-11D3-BF4B-00C04F79EFBC}") = "BookItApi", "codigo_fonte\BookItApi\BookItApi.csproj", "{7EAFEB2B-57EB-8D59-2227-67EF6361B5FA}"
EndProject
Global
	GlobalSection(SolutionConfigurationPlatforms) = preSolution
		Debug|Any CPU = Debug|Any CPU
		Release|Any CPU = Release|Any CPU
	EndGlobalSection
	GlobalSection(ProjectConfigurationPlatforms) = postSolution
		{7EAFEB2B-57EB-8D59-2227-67EF6361B5FA}.Debug|Any CPU.ActiveCfg = Debug|Any CPU
		{7EAFEB2B-57EB-8D59-2227-67EF6361B5FA}.Debug|Any CPU.Build.0 = Debug|Any CPU
		{7EAFEB2B-57EB-8D59-2227-67EF6361B5FA}.Release|Any CPU.ActiveCfg = Release|Any CPU
		{7EAFEB2B-57EB-8D59-2227-67EF6361B5FA}.Release|Any CPU.Build.0 = Release|Any CPU
	EndGlobalSection
	GlobalSection(SolutionProperties) = preSolution
		HideSolutionNode = FALSE
	EndGlobalSection
	GlobalSection(NestedProjects) = preSolution
		{7EAFEB2B-57EB-8D59-2227-67EF6361B5FA} = {14AD91F0-E22F-EB29-7EA6-C2C23DCF5A18}
	EndGlobalSection
	GlobalSection(ExtensibilityGlobals) = postSolution
		SolutionGuid = {1923F7EC-19B5-459C-9B43-220482E5C36C}
	EndGlobalSection
EndGlobal
